
Microsoft Visual Studio Solution File, Format Version 12.00
# Visual Studio 14
VisualStudioVersion = 14.0.24720.0
MinimumVisualStudioVersion = 10.0.40219.1
Project("{FAE04EC0-301F-11D3-BF4B-00C04F79EFBC}") = "Task01", "Task01\Task01.csproj", "{4AB54C77-22E6-41ED-9F3A-90101F05F3E5}"
EndProject
Project("{FAE04EC0-301F-11D3-BF4B-00C04F79EFBC}") = "Task01.NUnitTests", "Task01.NUnitTests\Task01.NUnitTests.csproj", "{2CC9B3BC-2DCF-4F55-9AF8-4F2869DC93CA}"
EndProject
Project("{FAE04EC0-301F-11D3-BF4B-00C04F79EFBC}") = "Task02", "Task02\Task02.csproj", "{60717F82-265B-45E2-AF30-C6FAA7C91327}"
EndProject
Project("{FAE04EC0-301F-11D3-BF4B-00C04F79EFBC}") = "Task02.NUnitTests", "Task02.NUnitTests\Task02.NUnitTests.csproj", "{91F93C35-1565-4F11-A414-4D2CB49C443F}"
EndProject
Global
	GlobalSection(SolutionConfigurationPlatforms) = preSolution
		Debug|Any CPU = Debug|Any CPU
		Release|Any CPU = Release|Any CPU
	EndGlobalSection
	GlobalSection(ProjectConfigurationPlatforms) = postSolution
		{4AB54C77-22E6-41ED-9F3A-90101F05F3E5}.Debug|Any CPU.ActiveCfg = Debug|Any CPU
		{4AB54C77-22E6-41ED-9F3A-90101F05F3E5}.Debug|Any CPU.Build.0 = Debug|Any CPU
		{4AB54C77-22E6-41ED-9F3A-90101F05F3E5}.Release|Any CPU.ActiveCfg = Release|Any CPU
		{4AB54C77-22E6-41ED-9F3A-90101F05F3E5}.Release|Any CPU.Build.0 = Release|Any CPU
		{2CC9B3BC-2DCF-4F55-9AF8-4F2869DC93CA}.Debug|Any CPU.ActiveCfg = Debug|Any CPU
		{2CC9B3BC-2DCF-4F55-9AF8-4F2869DC93CA}.Debug|Any CPU.Build.0 = Debug|Any CPU
		{2CC9B3BC-2DCF-4F55-9AF8-4F2869DC93CA}.Release|Any CPU.ActiveCfg = Release|Any CPU
		{2CC9B3BC-2DCF-4F55-9AF8-4F2869DC93CA}.Release|Any CPU.Build.0 = Release|Any CPU
		{60717F82-265B-45E2-AF30-C6FAA7C91327}.Debug|Any CPU.ActiveCfg = Debug|Any CPU
		{60717F82-265B-45E2-AF30-C6FAA7C91327}.Debug|Any CPU.Build.0 = Debug|Any CPU
		{60717F82-265B-45E2-AF30-C6FAA7C91327}.Release|Any CPU.ActiveCfg = Release|Any CPU
		{60717F82-265B-45E2-AF30-C6FAA7C91327}.Release|Any CPU.Build.0 = Release|Any CPU
		{91F93C35-1565-4F11-A414-4D2CB49C443F}.Debug|Any CPU.ActiveCfg = Debug|Any CPU
		{91F93C35-1565-4F11-A414-4D2CB49C443F}.Debug|Any CPU.Build.0 = Debug|Any CPU
		{91F93C35-1565-4F11-A414-4D2CB49C443F}.Release|Any CPU.ActiveCfg = Release|Any CPU
		{91F93C35-1565-4F11-A414-4D2CB49C443F}.Release|Any CPU.Build.0 = Release|Any CPU
	EndGlobalSection
	GlobalSection(SolutionProperties) = preSolution
		HideSolutionNode = FALSE
	EndGlobalSection
EndGlobal
